{
    "name": "ton-surf-localization",
    "version": "6.2.1",
    "lockfileVersion": 1,
    "requires": true,
    "dependencies": {
        "@react-native-clipboard/clipboard": {
            "version": "1.8.4",
            "resolved": "https://registry.npmjs.org/@react-native-clipboard/clipboard/-/clipboard-1.8.4.tgz",
            "integrity": "sha512-poFq3RvXzkbXcqoQNssbZ+aNbCRzBFAWkR9QL7u9xNMgsyWZtk7d16JQoaBo8D2E+kKi+/9JOiVQzA5w+9N67w=="
        },
        "@tonlabs/uikit.localization": {
            "version": "2.3.2",
            "resolved": "https://npm.pkg.github.com/download/@tonlabs/uikit.localization/2.3.2/d7345155b9b298649ef3fcf76dc4a7e70e3cc75dc1ed1772225044b71431c6b3",
            "integrity": "sha512-QE7sN1B0Ri1DD6SGRpGJ6wlUM0NAucKrlu0y1H9dF4y5GC93PHDum1dfRAOxwkAhHKnTUexyJx3BgcNsMnbtlw==",
            "requires": {
                "bignumber.js": "9.0.0",
                "dayjs": "1.9.1"
            }
        },
        "@types/prop-types": {
            "version": "15.7.4",
            "resolved": "https://registry.npmjs.org/@types/prop-types/-/prop-types-15.7.4.tgz",
            "integrity": "sha512-rZ5drC/jWjrArrS8BR6SIr4cWpW09RNTYt9AMZo3Jwwif+iacXAqgVjm0B0Bv/S1jhDXKHqRVNCbACkJ89RAnQ==",
            "dev": true
        },
        "@types/react": {
            "version": "17.0.24",
            "resolved": "https://registry.npmjs.org/@types/react/-/react-17.0.24.tgz",
            "integrity": "sha512-eIpyco99gTH+FTI3J7Oi/OH8MZoFMJuztNRimDOJwH4iGIsKV2qkGnk4M9VzlaVWeEEWLWSQRy0FEA0Kz218cg==",
            "dev": true,
            "requires": {
                "@types/prop-types": "*",
                "@types/scheduler": "*",
                "csstype": "^3.0.2"
            }
        },
        "@types/scheduler": {
            "version": "0.16.2",
            "resolved": "https://registry.npmjs.org/@types/scheduler/-/scheduler-0.16.2.tgz",
            "integrity": "sha512-hppQEBDmlwhFAXKJX2KnWLYu5yMfi91yazPb2l+lbJiwW+wdo1gNeRA+3RgNSO39WYX2euey41KEwnqesU2Jew==",
            "dev": true
        },
        "bignumber.js": {
            "version": "9.0.0",
            "resolved": "https://registry.npmjs.org/bignumber.js/-/bignumber.js-9.0.0.tgz",
            "integrity": "sha512-t/OYhhJ2SD+YGBQcjY8GzzDHEk9f3nerxjtfa6tlMXfe7frs/WozhvCNoGvpM0P3bNf3Gq5ZRMlGr5f3r4/N8A=="
        },
        "csstype": {
            "version": "3.0.9",
            "resolved": "https://registry.npmjs.org/csstype/-/csstype-3.0.9.tgz",
            "integrity": "sha512-rpw6JPxK6Rfg1zLOYCSwle2GFOOsnjmDYDaBwEcwoOg4qlsIVCN789VkBZDJAGi4T07gI4YSutR43t9Zz4Lzuw==",
            "dev": true
        },
        "dayjs": {
            "version": "1.9.1",
            "resolved": "https://registry.npmjs.org/dayjs/-/dayjs-1.9.1.tgz",
            "integrity": "sha512-01NCTBg8cuMJG1OQc6PR7T66+AFYiPwgDvdJmvJBn29NGzIG+DIFxPLNjHzwz3cpFIvG+NcwIjP9hSaPVoOaDg=="
        },
        "localized-strings": {
            "version": "0.2.4",
            "resolved": "https://registry.npmjs.org/localized-strings/-/localized-strings-0.2.4.tgz",
            "integrity": "sha512-TKDhqFPkIIN/if2FSvVVZTaM/GP9TzfgdQ2uY65mr32xgFu5nqkKXprXbzy5rfx32DF5LDvS/y1UqYF/mAscYA=="
        },
        "react-localization": {
            "version": "1.0.17",
            "resolved": "https://registry.npmjs.org/react-localization/-/react-localization-1.0.17.tgz",
            "integrity": "sha512-UowuLAvnEPXJgzxjDX/9hKdKYvtUgC6hQ5PV0CnT5f/77tItIUru5tTwgrDY2UL5oUK3JRMgz42tqnAU2W5eoA==",
            "requires": {
                "localized-strings": "^0.2.0"
            }
        },
        "react-native-localization": {
            "version": "2.1.7",
            "resolved": "https://registry.npmjs.org/react-native-localization/-/react-native-localization-2.1.7.tgz",
            "integrity": "sha512-F7oALsAyQuF4C/8kAJnA5eT0+F9ACnscKC1ahd+vjv8bs3UdhHo09u89JKfhdX4sZA2CWEi3E3mCKTqpqy3Otw==",
            "requires": {
                "react-localization": "^1.0.17"
            }
        },
        "typescript": {
            "version": "4.1.2",
            "resolved": "https://registry.npmjs.org/typescript/-/typescript-4.1.2.tgz",
            "integrity": "sha512-thGloWsGH3SOxv1SoY7QojKi0tc+8FnOmiarEGMbd/lar7QOEd3hvlx3Fp5y6FlDUGl9L+pd4n2e+oToGMmhRQ=="
        }
    }
}
