{
    "name": "ton-surf-localization",
    "version": "6.2.1",
    "lockfileVersion": 1,
    "requires": true,
    "dependencies": {
        "@tonlabs/localization": {
            "version": "2.3.2",
            "resolved": "https://npm.pkg.github.com/download/@tonlabs/localization/2.3.2/d3b3fd7417b0a29766e602e1dba7915a29d8772f1c41962f98041b6e3972f991",
            "integrity": "sha512-1llp12SSDWlzxk+LJHcPgPh/XD9YbvIkbuKLGUhuxTwOlN+kpa4K4sq2yfQ8SKnQtGezOQ2crx9yEcu3t7VC7Q==",
            "requires": {
                "bignumber.js": "9.0.0",
                "dayjs": "1.9.1"
            }
        },
        "bignumber.js": {
            "version": "9.0.0",
            "resolved": "https://registry.npmjs.org/bignumber.js/-/bignumber.js-9.0.0.tgz",
            "integrity": "sha512-t/OYhhJ2SD+YGBQcjY8GzzDHEk9f3nerxjtfa6tlMXfe7frs/WozhvCNoGvpM0P3bNf3Gq5ZRMlGr5f3r4/N8A=="
        },
        "dayjs": {
            "version": "1.9.1",
            "resolved": "https://registry.npmjs.org/dayjs/-/dayjs-1.9.1.tgz",
            "integrity": "sha512-01NCTBg8cuMJG1OQc6PR7T66+AFYiPwgDvdJmvJBn29NGzIG+DIFxPLNjHzwz3cpFIvG+NcwIjP9hSaPVoOaDg=="
        },
        "typescript": {
            "version": "4.1.2",
            "resolved": "https://registry.npmjs.org/typescript/-/typescript-4.1.2.tgz",
            "integrity": "sha512-thGloWsGH3SOxv1SoY7QojKi0tc+8FnOmiarEGMbd/lar7QOEd3hvlx3Fp5y6FlDUGl9L+pd4n2e+oToGMmhRQ=="
        }
    }
}
